
Microsoft Visual Studio Solution File, Format Version 12.00
# Visual Studio Version 16
VisualStudioVersion = 16.0.31321.278
MinimumVisualStudioVersion = 10.0.40219.1
Project("{FAE04EC0-301F-11D3-BF4B-00C04F79EFBC}") = "OXSpreadsheetExample", "OXSpreadsheetExample\OXSpreadsheetExample.csproj", "{986C3C3F-0F07-4CB2-8D2A-C71750509291}"
EndProject
Global
	GlobalSection(SolutionConfigurationPlatforms) = preSolution
		Debug|Any CPU = Debug|Any CPU
		Release|Any CPU = Release|Any CPU
	EndGlobalSection
	GlobalSection(ProjectConfigurationPlatforms) = postSolution
		{986C3C3F-0F07-4CB2-8D2A-C71750509291}.Debug|Any CPU.ActiveCfg = Debug|Any CPU
		{986C3C3F-0F07-4CB2-8D2A-C71750509291}.Debug|Any CPU.Build.0 = Debug|Any CPU
		{986C3C3F-0F07-4CB2-8D2A-C71750509291}.Release|Any CPU.ActiveCfg = Release|Any CPU
		{986C3C3F-0F07-4CB2-8D2A-C71750509291}.Release|Any CPU.Build.0 = Release|Any CPU
	EndGlobalSection
	GlobalSection(SolutionProperties) = preSolution
		HideSolutionNode = FALSE
	EndGlobalSection
	GlobalSection(ExtensibilityGlobals) = postSolution
		SolutionGuid = {3AF5C42A-DE93-4C0C-BFFD-1C4C2EEC5C99}
	EndGlobalSection
EndGlobal
